
Microsoft Visual Studio Solution File, Format Version 12.00
# Visual Studio Version 17
VisualStudioVersion = 17.5.2.0
MinimumVisualStudioVersion = 10.0.40219.1
Project("{FAE04EC0-301F-11D3-BF4B-00C04F79EFBC}") = "Tsump", "Tsump\Tsump.csproj", "{A7C26560-FD2C-7D1F-6524-494905F4B5EB}"
EndProject
Project("{FAE04EC0-301F-11D3-BF4B-00C04F79EFBC}") = "Tsump.Shared", "Tsump.Shared\Tsump.Shared.csproj", "{E92BD0C7-AF7B-460D-8646-19D71DB7F203}"
EndProject
Global
	GlobalSection(SolutionConfigurationPlatforms) = preSolution
		Debug|Any CPU = Debug|Any CPU
		Debug|x64 = Debug|x64
		Debug|x86 = Debug|x86
		Release|Any CPU = Release|Any CPU
		Release|x64 = Release|x64
		Release|x86 = Release|x86
	EndGlobalSection
	GlobalSection(ProjectConfigurationPlatforms) = postSolution
		{A7C26560-FD2C-7D1F-6524-494905F4B5EB}.Debug|Any CPU.ActiveCfg = Debug|Any CPU
		{A7C26560-FD2C-7D1F-6524-494905F4B5EB}.Debug|Any CPU.Build.0 = Debug|Any CPU
		{A7C26560-FD2C-7D1F-6524-494905F4B5EB}.Debug|x64.ActiveCfg = Debug|Any CPU
		{A7C26560-FD2C-7D1F-6524-494905F4B5EB}.Debug|x64.Build.0 = Debug|Any CPU
		{A7C26560-FD2C-7D1F-6524-494905F4B5EB}.Debug|x86.ActiveCfg = Debug|Any CPU
		{A7C26560-FD2C-7D1F-6524-494905F4B5EB}.Debug|x86.Build.0 = Debug|Any CPU
		{A7C26560-FD2C-7D1F-6524-494905F4B5EB}.Release|Any CPU.ActiveCfg = Release|Any CPU
		{A7C26560-FD2C-7D1F-6524-494905F4B5EB}.Release|Any CPU.Build.0 = Release|Any CPU
		{A7C26560-FD2C-7D1F-6524-494905F4B5EB}.Release|x64.ActiveCfg = Release|Any CPU
		{A7C26560-FD2C-7D1F-6524-494905F4B5EB}.Release|x64.Build.0 = Release|Any CPU
		{A7C26560-FD2C-7D1F-6524-494905F4B5EB}.Release|x86.ActiveCfg = Release|Any CPU
		{A7C26560-FD2C-7D1F-6524-494905F4B5EB}.Release|x86.Build.0 = Release|Any CPU
		{E92BD0C7-AF7B-460D-8646-19D71DB7F203}.Debug|Any CPU.ActiveCfg = Debug|Any CPU
		{E92BD0C7-AF7B-460D-8646-19D71DB7F203}.Debug|Any CPU.Build.0 = Debug|Any CPU
		{E92BD0C7-AF7B-460D-8646-19D71DB7F203}.Debug|x64.ActiveCfg = Debug|Any CPU
		{E92BD0C7-AF7B-460D-8646-19D71DB7F203}.Debug|x64.Build.0 = Debug|Any CPU
		{E92BD0C7-AF7B-460D-8646-19D71DB7F203}.Debug|x86.ActiveCfg = Debug|Any CPU
		{E92BD0C7-AF7B-460D-8646-19D71DB7F203}.Debug|x86.Build.0 = Debug|Any CPU
		{E92BD0C7-AF7B-460D-8646-19D71DB7F203}.Release|Any CPU.ActiveCfg = Release|Any CPU
		{E92BD0C7-AF7B-460D-8646-19D71DB7F203}.Release|Any CPU.Build.0 = Release|Any CPU
		{E92BD0C7-AF7B-460D-8646-19D71DB7F203}.Release|x64.ActiveCfg = Release|Any CPU
		{E92BD0C7-AF7B-460D-8646-19D71DB7F203}.Release|x64.Build.0 = Release|Any CPU
		{E92BD0C7-AF7B-460D-8646-19D71DB7F203}.Release|x86.ActiveCfg = Release|Any CPU
		{E92BD0C7-AF7B-460D-8646-19D71DB7F203}.Release|x86.Build.0 = Release|Any CPU
	EndGlobalSection
	GlobalSection(SolutionProperties) = preSolution
		HideSolutionNode = FALSE
	EndGlobalSection
	GlobalSection(ExtensibilityGlobals) = postSolution
		SolutionGuid = {5482F752-EDE9-49B3-86B8-6F78B442C157}
	EndGlobalSection
EndGlobal
