Microsoft Visual Studio Solution File, Format Version 12.00
# Visual Studio Version 17
VisualStudioVersion = 17.5.2.0
MinimumVisualStudioVersion = 10.0.40219.1
Project("{FAE04EC0-301F-11D3-BF4B-00C04F79EFBC}") = "Tsump", "Tsump\Tsump.csproj", "{A7C26560-FD2C-7D1F-6524-494905F4B5EB}"
EndProject
Global
	GlobalSection(SolutionConfigurationPlatforms) = preSolution
		Debug|Any CPU = Debug|Any CPU
		Release|Any CPU = Release|Any CPU
	EndGlobalSection
	GlobalSection(ProjectConfigurationPlatforms) = postSolution
		{A7C26560-FD2C-7D1F-6524-494905F4B5EB}.Debug|Any CPU.ActiveCfg = Debug|Any CPU
		{A7C26560-FD2C-7D1F-6524-494905F4B5EB}.Debug|Any CPU.Build.0 = Debug|Any CPU
		{A7C26560-FD2C-7D1F-6524-494905F4B5EB}.Release|Any CPU.ActiveCfg = Release|Any CPU
		{A7C26560-FD2C-7D1F-6524-494905F4B5EB}.Release|Any CPU.Build.0 = Release|Any CPU
	EndGlobalSection
	GlobalSection(SolutionProperties) = preSolution
		HideSolutionNode = FALSE
	EndGlobalSection
	GlobalSection(ExtensibilityGlobals) = postSolution
		SolutionGuid = {5482F752-EDE9-49B3-86B8-6F78B442C157}
	EndGlobalSection
EndGlobal
